{
  "object": {
    "pins": [
      {
        "package": "Alamofire",
        "repositoryURL": "https://github.com/Alamofire/Alamofire.git",
        "state": {
          "branch": null,
          "revision": "b02c4ee7f1659090f7ac543c022f922beeb04bc6",
          "version": "5.0.2"
        }
      },
      {
        "package": "SwiftSoup",
        "repositoryURL": "https://github.com/scinfu/SwiftSoup.git",
        "state": {
          "branch": null,
          "revision": "aeb5b4249c273d1783a5299e05be1b26e061ea81",
          "version": "2.0.0"
        }
      }
    ]
  },
  "version": 1
}
