// !$*UTF8*$!
{
	archiveVersion = 1;
	classes = {
	};
	objectVersion = 51;
	objects = {

/* Begin PBXBuildFile section */
		181CA36824ACC9DA0097B349 /* SubjectCell.swift in Sources */ = {isa = PBXBuildFile; fileRef = 181CA36624ACC9DA0097B349 /* SubjectCell.swift */; };
		181CA36924ACC9DA0097B349 /* SubjectCell.xib in Resources */ = {isa = PBXBuildFile; fileRef = 181CA36724ACC9DA0097B349 /* SubjectCell.xib */; };
		183BB79224AD302800F7C0F1 /* DetailSubjectContoller.swift in Sources */ = {isa = PBXBuildFile; fileRef = 183BB79124AD302800F7C0F1 /* DetailSubjectContoller.swift */; };
		183BB79524AD331000F7C0F1 /* SubmoduleCell.swift in Sources */ = {isa = PBXBuildFile; fileRef = 183BB79324AD331000F7C0F1 /* SubmoduleCell.swift */; };
		183BB79624AD331000F7C0F1 /* SubmoduleCell.xib in Resources */ = {isa = PBXBuildFile; fileRef = 183BB79424AD331000F7C0F1 /* SubmoduleCell.xib */; };
		1895A30F2412E82E0044FA9A /* AppDelegate.swift in Sources */ = {isa = PBXBuildFile; fileRef = 1895A30E2412E82E0044FA9A /* AppDelegate.swift */; };
		1895A3162412E82E0044FA9A /* Main.storyboard in Resources */ = {isa = PBXBuildFile; fileRef = 1895A3142412E82E0044FA9A /* Main.storyboard */; };
		1895A3182412E8340044FA9A /* Assets.xcassets in Resources */ = {isa = PBXBuildFile; fileRef = 1895A3172412E8340044FA9A /* Assets.xcassets */; };
		1895A31B2412E8340044FA9A /* LaunchScreen.storyboard in Resources */ = {isa = PBXBuildFile; fileRef = 1895A3192412E8340044FA9A /* LaunchScreen.storyboard */; };
		1895A328241301160044FA9A /* NetworkManager.swift in Sources */ = {isa = PBXBuildFile; fileRef = 1895A327241301160044FA9A /* NetworkManager.swift */; };
		1895A335241336C50044FA9A /* LoginController.swift in Sources */ = {isa = PBXBuildFile; fileRef = 1895A334241336C50044FA9A /* LoginController.swift */; };
		1895A33A2417DB730044FA9A /* SubjectsController.swift in Sources */ = {isa = PBXBuildFile; fileRef = 1895A3392417DB730044FA9A /* SubjectsController.swift */; };
		18A23DF3245F9D0A001A5B0E /* DataManager.swift in Sources */ = {isa = PBXBuildFile; fileRef = 18A23DF2245F9D0A001A5B0E /* DataManager.swift */; };
		18D788CD24B21FCE00ABCC14 /* NotificationCenter.framework in Frameworks */ = {isa = PBXBuildFile; fileRef = 18D788CC24B21FCE00ABCC14 /* NotificationCenter.framework */; };
		18D788D024B21FCE00ABCC14 /* TodayViewController.swift in Sources */ = {isa = PBXBuildFile; fileRef = 18D788CF24B21FCE00ABCC14 /* TodayViewController.swift */; };
		18D788D324B21FCE00ABCC14 /* MainInterface.storyboard in Resources */ = {isa = PBXBuildFile; fileRef = 18D788D124B21FCE00ABCC14 /* MainInterface.storyboard */; };
		18D788D724B21FCE00ABCC14 /* Grade SFedU TE.appex in Embed App Extensions */ = {isa = PBXBuildFile; fileRef = 18D788CB24B21FCE00ABCC14 /* Grade SFedU TE.appex */; settings = {ATTRIBUTES = (RemoveHeadersOnCopy, ); }; };
		18D788E124B3871000ABCC14 /* TodaySubjectCell.swift in Sources */ = {isa = PBXBuildFile; fileRef = 18D788DF24B3871000ABCC14 /* TodaySubjectCell.swift */; };
		18D788E224B3871000ABCC14 /* TodaySubjectCell.xib in Resources */ = {isa = PBXBuildFile; fileRef = 18D788E024B3871000ABCC14 /* TodaySubjectCell.xib */; };
		618C49A2B659F01A2A425715 /* Pods_Grade_SFedU.framework in Frameworks */ = {isa = PBXBuildFile; fileRef = DE3922EDCDD01FAC0DFBCD78 /* Pods_Grade_SFedU.framework */; };
/* End PBXBuildFile section */

/* Begin PBXContainerItemProxy section */
		18D788D524B21FCE00ABCC14 /* PBXContainerItemProxy */ = {
			isa = PBXContainerItemProxy;
			containerPortal = 1895A3032412E82E0044FA9A /* Project object */;
			proxyType = 1;
			remoteGlobalIDString = 18D788CA24B21FCE00ABCC14;
			remoteInfo = "Grade SFedU TE";
		};
/* End PBXContainerItemProxy section */

/* Begin PBXCopyFilesBuildPhase section */
		18D788DB24B21FCE00ABCC14 /* Embed App Extensions */ = {
			isa = PBXCopyFilesBuildPhase;
			buildActionMask = 2147483647;
			dstPath = "";
			dstSubfolderSpec = 13;
			files = (
				18D788D724B21FCE00ABCC14 /* Grade SFedU TE.appex in Embed App Extensions */,
			);
			name = "Embed App Extensions";
			runOnlyForDeploymentPostprocessing = 0;
		};
/* End PBXCopyFilesBuildPhase section */

/* Begin PBXFileReference section */
		181CA36624ACC9DA0097B349 /* SubjectCell.swift */ = {isa = PBXFileReference; lastKnownFileType = sourcecode.swift; path = SubjectCell.swift; sourceTree = "<group>"; };
		181CA36724ACC9DA0097B349 /* SubjectCell.xib */ = {isa = PBXFileReference; lastKnownFileType = file.xib; path = SubjectCell.xib; sourceTree = "<group>"; };
		183BB79124AD302800F7C0F1 /* DetailSubjectContoller.swift */ = {isa = PBXFileReference; lastKnownFileType = sourcecode.swift; path = DetailSubjectContoller.swift; sourceTree = "<group>"; };
		183BB79324AD331000F7C0F1 /* SubmoduleCell.swift */ = {isa = PBXFileReference; lastKnownFileType = sourcecode.swift; path = SubmoduleCell.swift; sourceTree = "<group>"; };
		183BB79424AD331000F7C0F1 /* SubmoduleCell.xib */ = {isa = PBXFileReference; lastKnownFileType = file.xib; path = SubmoduleCell.xib; sourceTree = "<group>"; };
		1895A30B2412E82E0044FA9A /* Grade SFedU.app */ = {isa = PBXFileReference; explicitFileType = wrapper.application; includeInIndex = 0; path = "Grade SFedU.app"; sourceTree = BUILT_PRODUCTS_DIR; };
		1895A30E2412E82E0044FA9A /* AppDelegate.swift */ = {isa = PBXFileReference; lastKnownFileType = sourcecode.swift; path = AppDelegate.swift; sourceTree = "<group>"; };
		1895A3152412E82E0044FA9A /* Base */ = {isa = PBXFileReference; lastKnownFileType = file.storyboard; name = Base; path = Base.lproj/Main.storyboard; sourceTree = "<group>"; };
		1895A3172412E8340044FA9A /* Assets.xcassets */ = {isa = PBXFileReference; lastKnownFileType = folder.assetcatalog; path = Assets.xcassets; sourceTree = "<group>"; };
		1895A31A2412E8340044FA9A /* Base */ = {isa = PBXFileReference; lastKnownFileType = file.storyboard; name = Base; path = Base.lproj/LaunchScreen.storyboard; sourceTree = "<group>"; };
		1895A31C2412E8340044FA9A /* Info.plist */ = {isa = PBXFileReference; lastKnownFileType = text.plist.xml; path = Info.plist; sourceTree = "<group>"; };
		1895A327241301160044FA9A /* NetworkManager.swift */ = {isa = PBXFileReference; lastKnownFileType = sourcecode.swift; path = NetworkManager.swift; sourceTree = "<group>"; };
		1895A334241336C50044FA9A /* LoginController.swift */ = {isa = PBXFileReference; lastKnownFileType = sourcecode.swift; path = LoginController.swift; sourceTree = "<group>"; };
		1895A3392417DB730044FA9A /* SubjectsController.swift */ = {isa = PBXFileReference; lastKnownFileType = sourcecode.swift; path = SubjectsController.swift; sourceTree = "<group>"; };
		18A23DF2245F9D0A001A5B0E /* DataManager.swift */ = {isa = PBXFileReference; lastKnownFileType = sourcecode.swift; path = DataManager.swift; sourceTree = "<group>"; };
		18D788CB24B21FCE00ABCC14 /* Grade SFedU TE.appex */ = {isa = PBXFileReference; explicitFileType = "wrapper.app-extension"; includeInIndex = 0; path = "Grade SFedU TE.appex"; sourceTree = BUILT_PRODUCTS_DIR; };
		18D788CC24B21FCE00ABCC14 /* NotificationCenter.framework */ = {isa = PBXFileReference; lastKnownFileType = wrapper.framework; name = NotificationCenter.framework; path = System/Library/Frameworks/NotificationCenter.framework; sourceTree = SDKROOT; };
		18D788CF24B21FCE00ABCC14 /* TodayViewController.swift */ = {isa = PBXFileReference; lastKnownFileType = sourcecode.swift; path = TodayViewController.swift; sourceTree = "<group>"; };
		18D788D224B21FCE00ABCC14 /* Base */ = {isa = PBXFileReference; lastKnownFileType = file.storyboard; name = Base; path = Base.lproj/MainInterface.storyboard; sourceTree = "<group>"; };
		18D788D424B21FCE00ABCC14 /* Info.plist */ = {isa = PBXFileReference; lastKnownFileType = text.plist.xml; path = Info.plist; sourceTree = "<group>"; };
		18D788DF24B3871000ABCC14 /* TodaySubjectCell.swift */ = {isa = PBXFileReference; lastKnownFileType = sourcecode.swift; path = TodaySubjectCell.swift; sourceTree = "<group>"; };
		18D788E024B3871000ABCC14 /* TodaySubjectCell.xib */ = {isa = PBXFileReference; lastKnownFileType = file.xib; path = TodaySubjectCell.xib; sourceTree = "<group>"; };
		44A70CDF5D79F681542AE561 /* Pods-Grade SFedU.debug.xcconfig */ = {isa = PBXFileReference; includeInIndex = 1; lastKnownFileType = text.xcconfig; name = "Pods-Grade SFedU.debug.xcconfig"; path = "Target Support Files/Pods-Grade SFedU/Pods-Grade SFedU.debug.xcconfig"; sourceTree = "<group>"; };
		96980F521CA3074AE7B74554 /* Pods-Grade SFedU.release.xcconfig */ = {isa = PBXFileReference; includeInIndex = 1; lastKnownFileType = text.xcconfig; name = "Pods-Grade SFedU.release.xcconfig"; path = "Target Support Files/Pods-Grade SFedU/Pods-Grade SFedU.release.xcconfig"; sourceTree = "<group>"; };
		DE3922EDCDD01FAC0DFBCD78 /* Pods_Grade_SFedU.framework */ = {isa = PBXFileReference; explicitFileType = wrapper.framework; includeInIndex = 0; path = Pods_Grade_SFedU.framework; sourceTree = BUILT_PRODUCTS_DIR; };
/* End PBXFileReference section */

/* Begin PBXFrameworksBuildPhase section */
		1895A3082412E82E0044FA9A /* Frameworks */ = {
			isa = PBXFrameworksBuildPhase;
			buildActionMask = 2147483647;
			files = (
				618C49A2B659F01A2A425715 /* Pods_Grade_SFedU.framework in Frameworks */,
			);
			runOnlyForDeploymentPostprocessing = 0;
		};
		18D788C824B21FCE00ABCC14 /* Frameworks */ = {
			isa = PBXFrameworksBuildPhase;
			buildActionMask = 2147483647;
			files = (
				18D788CD24B21FCE00ABCC14 /* NotificationCenter.framework in Frameworks */,
			);
			runOnlyForDeploymentPostprocessing = 0;
		};
/* End PBXFrameworksBuildPhase section */

/* Begin PBXGroup section */
		181CA36524ACC98D0097B349 /* SubjectCell */ = {
			isa = PBXGroup;
			children = (
				181CA36624ACC9DA0097B349 /* SubjectCell.swift */,
				181CA36724ACC9DA0097B349 /* SubjectCell.xib */,
			);
			path = SubjectCell;
			sourceTree = "<group>";
		};
		183BB79724AD331700F7C0F1 /* SubmoduleCell */ = {
			isa = PBXGroup;
			children = (
				183BB79324AD331000F7C0F1 /* SubmoduleCell.swift */,
				183BB79424AD331000F7C0F1 /* SubmoduleCell.xib */,
			);
			path = SubmoduleCell;
			sourceTree = "<group>";
		};
		1895A3022412E82E0044FA9A = {
			isa = PBXGroup;
			children = (
				1895A30D2412E82E0044FA9A /* Grade SFedU */,
				18D788CE24B21FCE00ABCC14 /* Grade SFedU TE */,
				1895A30C2412E82E0044FA9A /* Products */,
				A3165673230FFB43FD9C9167 /* Pods */,
				2576EF6C3187873E171A47E9 /* Frameworks */,
			);
			sourceTree = "<group>";
		};
		1895A30C2412E82E0044FA9A /* Products */ = {
			isa = PBXGroup;
			children = (
				1895A30B2412E82E0044FA9A /* Grade SFedU.app */,
				18D788CB24B21FCE00ABCC14 /* Grade SFedU TE.appex */,
			);
			name = Products;
			sourceTree = "<group>";
		};
		1895A30D2412E82E0044FA9A /* Grade SFedU */ = {
			isa = PBXGroup;
			children = (
				18A23DF1245F9CE6001A5B0E /* Model */,
				18A23DF5245F9D2B001A5B0E /* View */,
				18A23DF4245F9D12001A5B0E /* Controller */,
				1895A3142412E82E0044FA9A /* Main.storyboard */,
				1895A30E2412E82E0044FA9A /* AppDelegate.swift */,
				1895A3172412E8340044FA9A /* Assets.xcassets */,
				1895A3192412E8340044FA9A /* LaunchScreen.storyboard */,
				1895A31C2412E8340044FA9A /* Info.plist */,
			);
			path = "Grade SFedU";
			sourceTree = "<group>";
		};
		18A23DF1245F9CE6001A5B0E /* Model */ = {
			isa = PBXGroup;
			children = (
				1895A327241301160044FA9A /* NetworkManager.swift */,
				18A23DF2245F9D0A001A5B0E /* DataManager.swift */,
			);
			path = Model;
			sourceTree = "<group>";
		};
		18A23DF4245F9D12001A5B0E /* Controller */ = {
			isa = PBXGroup;
			children = (
				1895A334241336C50044FA9A /* LoginController.swift */,
				1895A3392417DB730044FA9A /* SubjectsController.swift */,
				183BB79124AD302800F7C0F1 /* DetailSubjectContoller.swift */,
			);
			path = Controller;
			sourceTree = "<group>";
		};
		18A23DF5245F9D2B001A5B0E /* View */ = {
			isa = PBXGroup;
			children = (
				181CA36524ACC98D0097B349 /* SubjectCell */,
				183BB79724AD331700F7C0F1 /* SubmoduleCell */,
			);
			path = View;
			sourceTree = "<group>";
		};
		18D788CE24B21FCE00ABCC14 /* Grade SFedU TE */ = {
			isa = PBXGroup;
			children = (
				18D788DE24B386FA00ABCC14 /* TodaySubjectCell */,
				18D788CF24B21FCE00ABCC14 /* TodayViewController.swift */,
				18D788D124B21FCE00ABCC14 /* MainInterface.storyboard */,
				18D788D424B21FCE00ABCC14 /* Info.plist */,
			);
			path = "Grade SFedU TE";
			sourceTree = "<group>";
		};
		18D788DE24B386FA00ABCC14 /* TodaySubjectCell */ = {
			isa = PBXGroup;
			children = (
				18D788DF24B3871000ABCC14 /* TodaySubjectCell.swift */,
				18D788E024B3871000ABCC14 /* TodaySubjectCell.xib */,
			);
			path = TodaySubjectCell;
			sourceTree = "<group>";
		};
		2576EF6C3187873E171A47E9 /* Frameworks */ = {
			isa = PBXGroup;
			children = (
				DE3922EDCDD01FAC0DFBCD78 /* Pods_Grade_SFedU.framework */,
				18D788CC24B21FCE00ABCC14 /* NotificationCenter.framework */,
			);
			name = Frameworks;
			sourceTree = "<group>";
		};
		A3165673230FFB43FD9C9167 /* Pods */ = {
			isa = PBXGroup;
			children = (
				44A70CDF5D79F681542AE561 /* Pods-Grade SFedU.debug.xcconfig */,
				96980F521CA3074AE7B74554 /* Pods-Grade SFedU.release.xcconfig */,
			);
			path = Pods;
			sourceTree = "<group>";
		};
/* End PBXGroup section */

/* Begin PBXNativeTarget section */
		1895A30A2412E82E0044FA9A /* Grade SFedU */ = {
			isa = PBXNativeTarget;
			buildConfigurationList = 1895A31F2412E8340044FA9A /* Build configuration list for PBXNativeTarget "Grade SFedU" */;
			buildPhases = (
				CD7D1FF858245BCE011FE2D1 /* [CP] Check Pods Manifest.lock */,
				1895A3072412E82E0044FA9A /* Sources */,
				1895A3082412E82E0044FA9A /* Frameworks */,
				1895A3092412E82E0044FA9A /* Resources */,
				DC8430865A0EB9FCC1F75DFC /* [CP] Embed Pods Frameworks */,
				18D788DB24B21FCE00ABCC14 /* Embed App Extensions */,
			);
			buildRules = (
			);
			dependencies = (
				18D788D624B21FCE00ABCC14 /* PBXTargetDependency */,
			);
			name = "Grade SFedU";
			packageProductDependencies = (
			);
			productName = "Grade SFedU";
			productReference = 1895A30B2412E82E0044FA9A /* Grade SFedU.app */;
			productType = "com.apple.product-type.application";
		};
		18D788CA24B21FCE00ABCC14 /* Grade SFedU TE */ = {
			isa = PBXNativeTarget;
			buildConfigurationList = 18D788D824B21FCE00ABCC14 /* Build configuration list for PBXNativeTarget "Grade SFedU TE" */;
			buildPhases = (
				18D788C724B21FCE00ABCC14 /* Sources */,
				18D788C824B21FCE00ABCC14 /* Frameworks */,
				18D788C924B21FCE00ABCC14 /* Resources */,
			);
			buildRules = (
			);
			dependencies = (
			);
			name = "Grade SFedU TE";
			productName = "Grade SFedU TE";
			productReference = 18D788CB24B21FCE00ABCC14 /* Grade SFedU TE.appex */;
			productType = "com.apple.product-type.app-extension";
		};
/* End PBXNativeTarget section */

/* Begin PBXProject section */
		1895A3032412E82E0044FA9A /* Project object */ = {
			isa = PBXProject;
			attributes = {
				LastSwiftUpdateCheck = 1150;
				LastUpgradeCheck = 1130;
				ORGANIZATIONNAME = "Sergey Korshunov";
				TargetAttributes = {
					1895A30A2412E82E0044FA9A = {
						CreatedOnToolsVersion = 11.3.1;
					};
					18D788CA24B21FCE00ABCC14 = {
						CreatedOnToolsVersion = 11.5;
					};
				};
			};
			buildConfigurationList = 1895A3062412E82E0044FA9A /* Build configuration list for PBXProject "Grade SFedU" */;
			compatibilityVersion = "Xcode 9.3";
			developmentRegion = en;
			hasScannedForEncodings = 0;
			knownRegions = (
				en,
				Base,
			);
			mainGroup = 1895A3022412E82E0044FA9A;
			packageReferences = (
			);
			productRefGroup = 1895A30C2412E82E0044FA9A /* Products */;
			projectDirPath = "";
			projectRoot = "";
			targets = (
				1895A30A2412E82E0044FA9A /* Grade SFedU */,
				18D788CA24B21FCE00ABCC14 /* Grade SFedU TE */,
			);
		};
/* End PBXProject section */

/* Begin PBXResourcesBuildPhase section */
		1895A3092412E82E0044FA9A /* Resources */ = {
			isa = PBXResourcesBuildPhase;
			buildActionMask = 2147483647;
			files = (
				183BB79624AD331000F7C0F1 /* SubmoduleCell.xib in Resources */,
				181CA36924ACC9DA0097B349 /* SubjectCell.xib in Resources */,
				1895A31B2412E8340044FA9A /* LaunchScreen.storyboard in Resources */,
				1895A3182412E8340044FA9A /* Assets.xcassets in Resources */,
				1895A3162412E82E0044FA9A /* Main.storyboard in Resources */,
			);
			runOnlyForDeploymentPostprocessing = 0;
		};
		18D788C924B21FCE00ABCC14 /* Resources */ = {
			isa = PBXResourcesBuildPhase;
			buildActionMask = 2147483647;
			files = (
				18D788E224B3871000ABCC14 /* TodaySubjectCell.xib in Resources */,
				18D788D324B21FCE00ABCC14 /* MainInterface.storyboard in Resources */,
			);
			runOnlyForDeploymentPostprocessing = 0;
		};
/* End PBXResourcesBuildPhase section */

/* Begin PBXShellScriptBuildPhase section */
		CD7D1FF858245BCE011FE2D1 /* [CP] Check Pods Manifest.lock */ = {
			isa = PBXShellScriptBuildPhase;
			buildActionMask = 2147483647;
			files = (
			);
			inputFileListPaths = (
			);
			inputPaths = (
				"${PODS_PODFILE_DIR_PATH}/Podfile.lock",
				"${PODS_ROOT}/Manifest.lock",
			);
			name = "[CP] Check Pods Manifest.lock";
			outputFileListPaths = (
			);
			outputPaths = (
				"$(DERIVED_FILE_DIR)/Pods-Grade SFedU-checkManifestLockResult.txt",
			);
			runOnlyForDeploymentPostprocessing = 0;
			shellPath = /bin/sh;
			shellScript = "diff \"${PODS_PODFILE_DIR_PATH}/Podfile.lock\" \"${PODS_ROOT}/Manifest.lock\" > /dev/null\nif [ $? != 0 ] ; then\n    # print error to STDERR\n    echo \"error: The sandbox is not in sync with the Podfile.lock. Run 'pod install' or update your CocoaPods installation.\" >&2\n    exit 1\nfi\n# This output is used by Xcode 'outputs' to avoid re-running this script phase.\necho \"SUCCESS\" > \"${SCRIPT_OUTPUT_FILE_0}\"\n";
			showEnvVarsInLog = 0;
		};
		DC8430865A0EB9FCC1F75DFC /* [CP] Embed Pods Frameworks */ = {
			isa = PBXShellScriptBuildPhase;
			buildActionMask = 2147483647;
			files = (
			);
			inputFileListPaths = (
				"${PODS_ROOT}/Target Support Files/Pods-Grade SFedU/Pods-Grade SFedU-frameworks-${CONFIGURATION}-input-files.xcfilelist",
			);
			name = "[CP] Embed Pods Frameworks";
			outputFileListPaths = (
				"${PODS_ROOT}/Target Support Files/Pods-Grade SFedU/Pods-Grade SFedU-frameworks-${CONFIGURATION}-output-files.xcfilelist",
			);
			runOnlyForDeploymentPostprocessing = 0;
			shellPath = /bin/sh;
			shellScript = "\"${PODS_ROOT}/Target Support Files/Pods-Grade SFedU/Pods-Grade SFedU-frameworks.sh\"\n";
			showEnvVarsInLog = 0;
		};
/* End PBXShellScriptBuildPhase section */

/* Begin PBXSourcesBuildPhase section */
		1895A3072412E82E0044FA9A /* Sources */ = {
			isa = PBXSourcesBuildPhase;
			buildActionMask = 2147483647;
			files = (
				1895A335241336C50044FA9A /* LoginController.swift in Sources */,
				183BB79224AD302800F7C0F1 /* DetailSubjectContoller.swift in Sources */,
				1895A328241301160044FA9A /* NetworkManager.swift in Sources */,
				181CA36824ACC9DA0097B349 /* SubjectCell.swift in Sources */,
				18A23DF3245F9D0A001A5B0E /* DataManager.swift in Sources */,
				183BB79524AD331000F7C0F1 /* SubmoduleCell.swift in Sources */,
				1895A30F2412E82E0044FA9A /* AppDelegate.swift in Sources */,
				1895A33A2417DB730044FA9A /* SubjectsController.swift in Sources */,
			);
			runOnlyForDeploymentPostprocessing = 0;
		};
		18D788C724B21FCE00ABCC14 /* Sources */ = {
			isa = PBXSourcesBuildPhase;
			buildActionMask = 2147483647;
			files = (
				18D788E124B3871000ABCC14 /* TodaySubjectCell.swift in Sources */,
				18D788D024B21FCE00ABCC14 /* TodayViewController.swift in Sources */,
			);
			runOnlyForDeploymentPostprocessing = 0;
		};
/* End PBXSourcesBuildPhase section */

/* Begin PBXTargetDependency section */
		18D788D624B21FCE00ABCC14 /* PBXTargetDependency */ = {
			isa = PBXTargetDependency;
			target = 18D788CA24B21FCE00ABCC14 /* Grade SFedU TE */;
			targetProxy = 18D788D524B21FCE00ABCC14 /* PBXContainerItemProxy */;
		};
/* End PBXTargetDependency section */

/* Begin PBXVariantGroup section */
		1895A3142412E82E0044FA9A /* Main.storyboard */ = {
			isa = PBXVariantGroup;
			children = (
				1895A3152412E82E0044FA9A /* Base */,
			);
			name = Main.storyboard;
			sourceTree = "<group>";
		};
		1895A3192412E8340044FA9A /* LaunchScreen.storyboard */ = {
			isa = PBXVariantGroup;
			children = (
				1895A31A2412E8340044FA9A /* Base */,
			);
			name = LaunchScreen.storyboard;
			sourceTree = "<group>";
		};
		18D788D124B21FCE00ABCC14 /* MainInterface.storyboard */ = {
			isa = PBXVariantGroup;
			children = (
				18D788D224B21FCE00ABCC14 /* Base */,
			);
			name = MainInterface.storyboard;
			sourceTree = "<group>";
		};
/* End PBXVariantGroup section */

/* Begin XCBuildConfiguration section */
		1895A31D2412E8340044FA9A /* Debug */ = {
			isa = XCBuildConfiguration;
			buildSettings = {
				ALWAYS_SEARCH_USER_PATHS = NO;
				CLANG_ANALYZER_NONNULL = YES;
				CLANG_ANALYZER_NUMBER_OBJECT_CONVERSION = YES_AGGRESSIVE;
				CLANG_CXX_LANGUAGE_STANDARD = "gnu++14";
				CLANG_CXX_LIBRARY = "libc++";
				CLANG_ENABLE_MODULES = YES;
				CLANG_ENABLE_OBJC_ARC = YES;
				CLANG_ENABLE_OBJC_WEAK = YES;
				CLANG_WARN_BLOCK_CAPTURE_AUTORELEASING = YES;
				CLANG_WARN_BOOL_CONVERSION = YES;
				CLANG_WARN_COMMA = YES;
				CLANG_WARN_CONSTANT_CONVERSION = YES;
				CLANG_WARN_DEPRECATED_OBJC_IMPLEMENTATIONS = YES;
				CLANG_WARN_DIRECT_OBJC_ISA_USAGE = YES_ERROR;
				CLANG_WARN_DOCUMENTATION_COMMENTS = YES;
				CLANG_WARN_EMPTY_BODY = YES;
				CLANG_WARN_ENUM_CONVERSION = YES;
				CLANG_WARN_INFINITE_RECURSION = YES;
				CLANG_WARN_INT_CONVERSION = YES;
				CLANG_WARN_NON_LITERAL_NULL_CONVERSION = YES;
				CLANG_WARN_OBJC_IMPLICIT_RETAIN_SELF = YES;
				CLANG_WARN_OBJC_LITERAL_CONVERSION = YES;
				CLANG_WARN_OBJC_ROOT_CLASS = YES_ERROR;
				CLANG_WARN_RANGE_LOOP_ANALYSIS = YES;
				CLANG_WARN_STRICT_PROTOTYPES = YES;
				CLANG_WARN_SUSPICIOUS_MOVE = YES;
				CLANG_WARN_UNGUARDED_AVAILABILITY = YES_AGGRESSIVE;
				CLANG_WARN_UNREACHABLE_CODE = YES;
				CLANG_WARN__DUPLICATE_METHOD_MATCH = YES;
				COPY_PHASE_STRIP = NO;
				DEBUG_INFORMATION_FORMAT = dwarf;
				ENABLE_STRICT_OBJC_MSGSEND = YES;
				ENABLE_TESTABILITY = YES;
				GCC_C_LANGUAGE_STANDARD = gnu11;
				GCC_DYNAMIC_NO_PIC = NO;
				GCC_NO_COMMON_BLOCKS = YES;
				GCC_OPTIMIZATION_LEVEL = 0;
				GCC_PREPROCESSOR_DEFINITIONS = (
					"DEBUG=1",
					"$(inherited)",
				);
				GCC_WARN_64_TO_32_BIT_CONVERSION = YES;
				GCC_WARN_ABOUT_RETURN_TYPE = YES_ERROR;
				GCC_WARN_UNDECLARED_SELECTOR = YES;
				GCC_WARN_UNINITIALIZED_AUTOS = YES_AGGRESSIVE;
				GCC_WARN_UNUSED_FUNCTION = YES;
				GCC_WARN_UNUSED_VARIABLE = YES;
				IPHONEOS_DEPLOYMENT_TARGET = 13.2;
				MTL_ENABLE_DEBUG_INFO = INCLUDE_SOURCE;
				MTL_FAST_MATH = YES;
				ONLY_ACTIVE_ARCH = YES;
				SDKROOT = iphoneos;
				SWIFT_ACTIVE_COMPILATION_CONDITIONS = DEBUG;
				SWIFT_OPTIMIZATION_LEVEL = "-Onone";
			};
			name = Debug;
		};
		1895A31E2412E8340044FA9A /* Release */ = {
			isa = XCBuildConfiguration;
			buildSettings = {
				ALWAYS_SEARCH_USER_PATHS = NO;
				CLANG_ANALYZER_NONNULL = YES;
				CLANG_ANALYZER_NUMBER_OBJECT_CONVERSION = YES_AGGRESSIVE;
				CLANG_CXX_LANGUAGE_STANDARD = "gnu++14";
				CLANG_CXX_LIBRARY = "libc++";
				CLANG_ENABLE_MODULES = YES;
				CLANG_ENABLE_OBJC_ARC = YES;
				CLANG_ENABLE_OBJC_WEAK = YES;
				CLANG_WARN_BLOCK_CAPTURE_AUTORELEASING = YES;
				CLANG_WARN_BOOL_CONVERSION = YES;
				CLANG_WARN_COMMA = YES;
				CLANG_WARN_CONSTANT_CONVERSION = YES;
				CLANG_WARN_DEPRECATED_OBJC_IMPLEMENTATIONS = YES;
				CLANG_WARN_DIRECT_OBJC_ISA_USAGE = YES_ERROR;
				CLANG_WARN_DOCUMENTATION_COMMENTS = YES;
				CLANG_WARN_EMPTY_BODY = YES;
				CLANG_WARN_ENUM_CONVERSION = YES;
				CLANG_WARN_INFINITE_RECURSION = YES;
				CLANG_WARN_INT_CONVERSION = YES;
				CLANG_WARN_NON_LITERAL_NULL_CONVERSION = YES;
				CLANG_WARN_OBJC_IMPLICIT_RETAIN_SELF = YES;
				CLANG_WARN_OBJC_LITERAL_CONVERSION = YES;
				CLANG_WARN_OBJC_ROOT_CLASS = YES_ERROR;
				CLANG_WARN_RANGE_LOOP_ANALYSIS = YES;
				CLANG_WARN_STRICT_PROTOTYPES = YES;
				CLANG_WARN_SUSPICIOUS_MOVE = YES;
				CLANG_WARN_UNGUARDED_AVAILABILITY = YES_AGGRESSIVE;
				CLANG_WARN_UNREACHABLE_CODE = YES;
				CLANG_WARN__DUPLICATE_METHOD_MATCH = YES;
				COPY_PHASE_STRIP = NO;
				DEBUG_INFORMATION_FORMAT = "dwarf-with-dsym";
				ENABLE_NS_ASSERTIONS = NO;
				ENABLE_STRICT_OBJC_MSGSEND = YES;
				GCC_C_LANGUAGE_STANDARD = gnu11;
				GCC_NO_COMMON_BLOCKS = YES;
				GCC_WARN_64_TO_32_BIT_CONVERSION = YES;
				GCC_WARN_ABOUT_RETURN_TYPE = YES_ERROR;
				GCC_WARN_UNDECLARED_SELECTOR = YES;
				GCC_WARN_UNINITIALIZED_AUTOS = YES_AGGRESSIVE;
				GCC_WARN_UNUSED_FUNCTION = YES;
				GCC_WARN_UNUSED_VARIABLE = YES;
				IPHONEOS_DEPLOYMENT_TARGET = 13.2;
				MTL_ENABLE_DEBUG_INFO = NO;
				MTL_FAST_MATH = YES;
				SDKROOT = iphoneos;
				SWIFT_COMPILATION_MODE = wholemodule;
				SWIFT_OPTIMIZATION_LEVEL = "-O";
				VALIDATE_PRODUCT = YES;
			};
			name = Release;
		};
		1895A3202412E8340044FA9A /* Debug */ = {
			isa = XCBuildConfiguration;
			baseConfigurationReference = 44A70CDF5D79F681542AE561 /* Pods-Grade SFedU.debug.xcconfig */;
			buildSettings = {
				ALWAYS_EMBED_SWIFT_STANDARD_LIBRARIES = YES;
				ASSETCATALOG_COMPILER_APPICON_NAME = AppIcon;
				CODE_SIGN_STYLE = Automatic;
				DEVELOPMENT_TEAM = 8PJ9SKJ9FA;
				INFOPLIST_FILE = "Grade SFedU/Info.plist";
				IPHONEOS_DEPLOYMENT_TARGET = 13.0;
				LD_RUNPATH_SEARCH_PATHS = (
					"$(inherited)",
					"@executable_path/Frameworks",
				);
				PRODUCT_BUNDLE_IDENTIFIER = "sergeykorshunov.Grade-SFedU";
				PRODUCT_NAME = "$(TARGET_NAME)";
				SWIFT_VERSION = 5.0;
				TARGETED_DEVICE_FAMILY = 1;
			};
			name = Debug;
		};
		1895A3212412E8340044FA9A /* Release */ = {
			isa = XCBuildConfiguration;
			baseConfigurationReference = 96980F521CA3074AE7B74554 /* Pods-Grade SFedU.release.xcconfig */;
			buildSettings = {
				ALWAYS_EMBED_SWIFT_STANDARD_LIBRARIES = YES;
				ASSETCATALOG_COMPILER_APPICON_NAME = AppIcon;
				CODE_SIGN_STYLE = Automatic;
				DEVELOPMENT_TEAM = 8PJ9SKJ9FA;
				INFOPLIST_FILE = "Grade SFedU/Info.plist";
				IPHONEOS_DEPLOYMENT_TARGET = 13.0;
				LD_RUNPATH_SEARCH_PATHS = (
					"$(inherited)",
					"@executable_path/Frameworks",
				);
				PRODUCT_BUNDLE_IDENTIFIER = "sergeykorshunov.Grade-SFedU";
				PRODUCT_NAME = "$(TARGET_NAME)";
				SWIFT_VERSION = 5.0;
				TARGETED_DEVICE_FAMILY = 1;
			};
			name = Release;
		};
		18D788D924B21FCE00ABCC14 /* Debug */ = {
			isa = XCBuildConfiguration;
			buildSettings = {
				CODE_SIGN_STYLE = Automatic;
				DEVELOPMENT_TEAM = 8PJ9SKJ9FA;
				INFOPLIST_FILE = "Grade SFedU TE/Info.plist";
				IPHONEOS_DEPLOYMENT_TARGET = 13.5;
				LD_RUNPATH_SEARCH_PATHS = (
					"$(inherited)",
					"@executable_path/Frameworks",
					"@executable_path/../../Frameworks",
				);
				PRODUCT_BUNDLE_IDENTIFIER = "sergeykorshunov.Grade-SFedU.Grade-SFedU-TE";
				PRODUCT_NAME = "Grade SFedU TE";
				SKIP_INSTALL = YES;
				SWIFT_VERSION = 5.0;
				TARGETED_DEVICE_FAMILY = 1;
			};
			name = Debug;
		};
		18D788DA24B21FCE00ABCC14 /* Release */ = {
			isa = XCBuildConfiguration;
			buildSettings = {
				CODE_SIGN_STYLE = Automatic;
				DEVELOPMENT_TEAM = 8PJ9SKJ9FA;
				INFOPLIST_FILE = "Grade SFedU TE/Info.plist";
				IPHONEOS_DEPLOYMENT_TARGET = 13.5;
				LD_RUNPATH_SEARCH_PATHS = (
					"$(inherited)",
					"@executable_path/Frameworks",
					"@executable_path/../../Frameworks",
				);
				PRODUCT_BUNDLE_IDENTIFIER = "sergeykorshunov.Grade-SFedU.Grade-SFedU-TE";
				PRODUCT_NAME = "Grade SFedU TE";
				SKIP_INSTALL = YES;
				SWIFT_VERSION = 5.0;
				TARGETED_DEVICE_FAMILY = 1;
			};
			name = Release;
		};
/* End XCBuildConfiguration section */

/* Begin XCConfigurationList section */
		1895A3062412E82E0044FA9A /* Build configuration list for PBXProject "Grade SFedU" */ = {
			isa = XCConfigurationList;
			buildConfigurations = (
				1895A31D2412E8340044FA9A /* Debug */,
				1895A31E2412E8340044FA9A /* Release */,
			);
			defaultConfigurationIsVisible = 0;
			defaultConfigurationName = Release;
		};
		1895A31F2412E8340044FA9A /* Build configuration list for PBXNativeTarget "Grade SFedU" */ = {
			isa = XCConfigurationList;
			buildConfigurations = (
				1895A3202412E8340044FA9A /* Debug */,
				1895A3212412E8340044FA9A /* Release */,
			);
			defaultConfigurationIsVisible = 0;
			defaultConfigurationName = Release;
		};
		18D788D824B21FCE00ABCC14 /* Build configuration list for PBXNativeTarget "Grade SFedU TE" */ = {
			isa = XCConfigurationList;
			buildConfigurations = (
				18D788D924B21FCE00ABCC14 /* Debug */,
				18D788DA24B21FCE00ABCC14 /* Release */,
			);
			defaultConfigurationIsVisible = 0;
			defaultConfigurationName = Release;
		};
/* End XCConfigurationList section */
	};
	rootObject = 1895A3032412E82E0044FA9A /* Project object */;
}
