// !$*UTF8*$!
{
	archiveVersion = 1;
	classes = {
	};
	objectVersion = 52;
	objects = {

/* Begin PBXBuildFile section */
		1895A30F2412E82E0044FA9A /* AppDelegate.swift in Sources */ = {isa = PBXBuildFile; fileRef = 1895A30E2412E82E0044FA9A /* AppDelegate.swift */; };
		1895A3112412E82E0044FA9A /* SceneDelegate.swift in Sources */ = {isa = PBXBuildFile; fileRef = 1895A3102412E82E0044FA9A /* SceneDelegate.swift */; };
		1895A3162412E82E0044FA9A /* Main.storyboard in Resources */ = {isa = PBXBuildFile; fileRef = 1895A3142412E82E0044FA9A /* Main.storyboard */; };
		1895A3182412E8340044FA9A /* Assets.xcassets in Resources */ = {isa = PBXBuildFile; fileRef = 1895A3172412E8340044FA9A /* Assets.xcassets */; };
		1895A31B2412E8340044FA9A /* LaunchScreen.storyboard in Resources */ = {isa = PBXBuildFile; fileRef = 1895A3192412E8340044FA9A /* LaunchScreen.storyboard */; };
		1895A3232412F99A0044FA9A /* LoginViewController.swift in Sources */ = {isa = PBXBuildFile; fileRef = 1895A3222412F99A0044FA9A /* LoginViewController.swift */; };
		1895A3262412FE300044FA9A /* SwiftSoup in Frameworks */ = {isa = PBXBuildFile; productRef = 1895A3252412FE300044FA9A /* SwiftSoup */; };
		1895A328241301160044FA9A /* LoginManager.swift in Sources */ = {isa = PBXBuildFile; fileRef = 1895A327241301160044FA9A /* LoginManager.swift */; };
		1895A32B241304B40044FA9A /* Alamofire in Frameworks */ = {isa = PBXBuildFile; productRef = 1895A32A241304B40044FA9A /* Alamofire */; };
/* End PBXBuildFile section */

/* Begin PBXFileReference section */
		1895A30B2412E82E0044FA9A /* Grade SFedU.app */ = {isa = PBXFileReference; explicitFileType = wrapper.application; includeInIndex = 0; path = "Grade SFedU.app"; sourceTree = BUILT_PRODUCTS_DIR; };
		1895A30E2412E82E0044FA9A /* AppDelegate.swift */ = {isa = PBXFileReference; lastKnownFileType = sourcecode.swift; path = AppDelegate.swift; sourceTree = "<group>"; };
		1895A3102412E82E0044FA9A /* SceneDelegate.swift */ = {isa = PBXFileReference; lastKnownFileType = sourcecode.swift; path = SceneDelegate.swift; sourceTree = "<group>"; };
		1895A3152412E82E0044FA9A /* Base */ = {isa = PBXFileReference; lastKnownFileType = file.storyboard; name = Base; path = Base.lproj/Main.storyboard; sourceTree = "<group>"; };
		1895A3172412E8340044FA9A /* Assets.xcassets */ = {isa = PBXFileReference; lastKnownFileType = folder.assetcatalog; path = Assets.xcassets; sourceTree = "<group>"; };
		1895A31A2412E8340044FA9A /* Base */ = {isa = PBXFileReference; lastKnownFileType = file.storyboard; name = Base; path = Base.lproj/LaunchScreen.storyboard; sourceTree = "<group>"; };
		1895A31C2412E8340044FA9A /* Info.plist */ = {isa = PBXFileReference; lastKnownFileType = text.plist.xml; path = Info.plist; sourceTree = "<group>"; };
		1895A3222412F99A0044FA9A /* LoginViewController.swift */ = {isa = PBXFileReference; lastKnownFileType = sourcecode.swift; path = LoginViewController.swift; sourceTree = "<group>"; };
		1895A327241301160044FA9A /* LoginManager.swift */ = {isa = PBXFileReference; lastKnownFileType = sourcecode.swift; path = LoginManager.swift; sourceTree = "<group>"; };
/* End PBXFileReference section */

/* Begin PBXFrameworksBuildPhase section */
		1895A3082412E82E0044FA9A /* Frameworks */ = {
			isa = PBXFrameworksBuildPhase;
			buildActionMask = 2147483647;
			files = (
				1895A3262412FE300044FA9A /* SwiftSoup in Frameworks */,
				1895A32B241304B40044FA9A /* Alamofire in Frameworks */,
			);
			runOnlyForDeploymentPostprocessing = 0;
		};
/* End PBXFrameworksBuildPhase section */

/* Begin PBXGroup section */
		1895A3022412E82E0044FA9A = {
			isa = PBXGroup;
			children = (
				1895A30D2412E82E0044FA9A /* Grade SFedU */,
				1895A30C2412E82E0044FA9A /* Products */,
			);
			sourceTree = "<group>";
		};
		1895A30C2412E82E0044FA9A /* Products */ = {
			isa = PBXGroup;
			children = (
				1895A30B2412E82E0044FA9A /* Grade SFedU.app */,
			);
			name = Products;
			sourceTree = "<group>";
		};
		1895A30D2412E82E0044FA9A /* Grade SFedU */ = {
			isa = PBXGroup;
			children = (
				1895A3222412F99A0044FA9A /* LoginViewController.swift */,
				1895A327241301160044FA9A /* LoginManager.swift */,
				1895A30E2412E82E0044FA9A /* AppDelegate.swift */,
				1895A3102412E82E0044FA9A /* SceneDelegate.swift */,
				1895A3142412E82E0044FA9A /* Main.storyboard */,
				1895A3172412E8340044FA9A /* Assets.xcassets */,
				1895A3192412E8340044FA9A /* LaunchScreen.storyboard */,
				1895A31C2412E8340044FA9A /* Info.plist */,
			);
			path = "Grade SFedU";
			sourceTree = "<group>";
		};
/* End PBXGroup section */

/* Begin PBXNativeTarget section */
		1895A30A2412E82E0044FA9A /* Grade SFedU */ = {
			isa = PBXNativeTarget;
			buildConfigurationList = 1895A31F2412E8340044FA9A /* Build configuration list for PBXNativeTarget "Grade SFedU" */;
			buildPhases = (
				1895A3072412E82E0044FA9A /* Sources */,
				1895A3082412E82E0044FA9A /* Frameworks */,
				1895A3092412E82E0044FA9A /* Resources */,
			);
			buildRules = (
			);
			dependencies = (
			);
			name = "Grade SFedU";
			packageProductDependencies = (
				1895A3252412FE300044FA9A /* SwiftSoup */,
				1895A32A241304B40044FA9A /* Alamofire */,
			);
			productName = "Grade SFedU";
			productReference = 1895A30B2412E82E0044FA9A /* Grade SFedU.app */;
			productType = "com.apple.product-type.application";
		};
/* End PBXNativeTarget section */

/* Begin PBXProject section */
		1895A3032412E82E0044FA9A /* Project object */ = {
			isa = PBXProject;
			attributes = {
				LastSwiftUpdateCheck = 1130;
				LastUpgradeCheck = 1130;
				ORGANIZATIONNAME = "Sergey Korshunov";
				TargetAttributes = {
					1895A30A2412E82E0044FA9A = {
						CreatedOnToolsVersion = 11.3.1;
					};
				};
			};
			buildConfigurationList = 1895A3062412E82E0044FA9A /* Build configuration list for PBXProject "Grade SFedU" */;
			compatibilityVersion = "Xcode 9.3";
			developmentRegion = en;
			hasScannedForEncodings = 0;
			knownRegions = (
				en,
				Base,
			);
			mainGroup = 1895A3022412E82E0044FA9A;
			packageReferences = (
				1895A3242412FE300044FA9A /* XCRemoteSwiftPackageReference "SwiftSoup" */,
				1895A329241304B40044FA9A /* XCRemoteSwiftPackageReference "Alamofire" */,
			);
			productRefGroup = 1895A30C2412E82E0044FA9A /* Products */;
			projectDirPath = "";
			projectRoot = "";
			targets = (
				1895A30A2412E82E0044FA9A /* Grade SFedU */,
			);
		};
/* End PBXProject section */

/* Begin PBXResourcesBuildPhase section */
		1895A3092412E82E0044FA9A /* Resources */ = {
			isa = PBXResourcesBuildPhase;
			buildActionMask = 2147483647;
			files = (
				1895A31B2412E8340044FA9A /* LaunchScreen.storyboard in Resources */,
				1895A3182412E8340044FA9A /* Assets.xcassets in Resources */,
				1895A3162412E82E0044FA9A /* Main.storyboard in Resources */,
			);
			runOnlyForDeploymentPostprocessing = 0;
		};
/* End PBXResourcesBuildPhase section */

/* Begin PBXSourcesBuildPhase section */
		1895A3072412E82E0044FA9A /* Sources */ = {
			isa = PBXSourcesBuildPhase;
			buildActionMask = 2147483647;
			files = (
				1895A3232412F99A0044FA9A /* LoginViewController.swift in Sources */,
				1895A328241301160044FA9A /* LoginManager.swift in Sources */,
				1895A30F2412E82E0044FA9A /* AppDelegate.swift in Sources */,
				1895A3112412E82E0044FA9A /* SceneDelegate.swift in Sources */,
			);
			runOnlyForDeploymentPostprocessing = 0;
		};
/* End PBXSourcesBuildPhase section */

/* Begin PBXVariantGroup section */
		1895A3142412E82E0044FA9A /* Main.storyboard */ = {
			isa = PBXVariantGroup;
			children = (
				1895A3152412E82E0044FA9A /* Base */,
			);
			name = Main.storyboard;
			sourceTree = "<group>";
		};
		1895A3192412E8340044FA9A /* LaunchScreen.storyboard */ = {
			isa = PBXVariantGroup;
			children = (
				1895A31A2412E8340044FA9A /* Base */,
			);
			name = LaunchScreen.storyboard;
			sourceTree = "<group>";
		};
/* End PBXVariantGroup section */

/* Begin XCBuildConfiguration section */
		1895A31D2412E8340044FA9A /* Debug */ = {
			isa = XCBuildConfiguration;
			buildSettings = {
				ALWAYS_SEARCH_USER_PATHS = NO;
				CLANG_ANALYZER_NONNULL = YES;
				CLANG_ANALYZER_NUMBER_OBJECT_CONVERSION = YES_AGGRESSIVE;
				CLANG_CXX_LANGUAGE_STANDARD = "gnu++14";
				CLANG_CXX_LIBRARY = "libc++";
				CLANG_ENABLE_MODULES = YES;
				CLANG_ENABLE_OBJC_ARC = YES;
				CLANG_ENABLE_OBJC_WEAK = YES;
				CLANG_WARN_BLOCK_CAPTURE_AUTORELEASING = YES;
				CLANG_WARN_BOOL_CONVERSION = YES;
				CLANG_WARN_COMMA = YES;
				CLANG_WARN_CONSTANT_CONVERSION = YES;
				CLANG_WARN_DEPRECATED_OBJC_IMPLEMENTATIONS = YES;
				CLANG_WARN_DIRECT_OBJC_ISA_USAGE = YES_ERROR;
				CLANG_WARN_DOCUMENTATION_COMMENTS = YES;
				CLANG_WARN_EMPTY_BODY = YES;
				CLANG_WARN_ENUM_CONVERSION = YES;
				CLANG_WARN_INFINITE_RECURSION = YES;
				CLANG_WARN_INT_CONVERSION = YES;
				CLANG_WARN_NON_LITERAL_NULL_CONVERSION = YES;
				CLANG_WARN_OBJC_IMPLICIT_RETAIN_SELF = YES;
				CLANG_WARN_OBJC_LITERAL_CONVERSION = YES;
				CLANG_WARN_OBJC_ROOT_CLASS = YES_ERROR;
				CLANG_WARN_RANGE_LOOP_ANALYSIS = YES;
				CLANG_WARN_STRICT_PROTOTYPES = YES;
				CLANG_WARN_SUSPICIOUS_MOVE = YES;
				CLANG_WARN_UNGUARDED_AVAILABILITY = YES_AGGRESSIVE;
				CLANG_WARN_UNREACHABLE_CODE = YES;
				CLANG_WARN__DUPLICATE_METHOD_MATCH = YES;
				COPY_PHASE_STRIP = NO;
				DEBUG_INFORMATION_FORMAT = dwarf;
				ENABLE_STRICT_OBJC_MSGSEND = YES;
				ENABLE_TESTABILITY = YES;
				GCC_C_LANGUAGE_STANDARD = gnu11;
				GCC_DYNAMIC_NO_PIC = NO;
				GCC_NO_COMMON_BLOCKS = YES;
				GCC_OPTIMIZATION_LEVEL = 0;
				GCC_PREPROCESSOR_DEFINITIONS = (
					"DEBUG=1",
					"$(inherited)",
				);
				GCC_WARN_64_TO_32_BIT_CONVERSION = YES;
				GCC_WARN_ABOUT_RETURN_TYPE = YES_ERROR;
				GCC_WARN_UNDECLARED_SELECTOR = YES;
				GCC_WARN_UNINITIALIZED_AUTOS = YES_AGGRESSIVE;
				GCC_WARN_UNUSED_FUNCTION = YES;
				GCC_WARN_UNUSED_VARIABLE = YES;
				IPHONEOS_DEPLOYMENT_TARGET = 13.2;
				MTL_ENABLE_DEBUG_INFO = INCLUDE_SOURCE;
				MTL_FAST_MATH = YES;
				ONLY_ACTIVE_ARCH = YES;
				SDKROOT = iphoneos;
				SWIFT_ACTIVE_COMPILATION_CONDITIONS = DEBUG;
				SWIFT_OPTIMIZATION_LEVEL = "-Onone";
			};
			name = Debug;
		};
		1895A31E2412E8340044FA9A /* Release */ = {
			isa = XCBuildConfiguration;
			buildSettings = {
				ALWAYS_SEARCH_USER_PATHS = NO;
				CLANG_ANALYZER_NONNULL = YES;
				CLANG_ANALYZER_NUMBER_OBJECT_CONVERSION = YES_AGGRESSIVE;
				CLANG_CXX_LANGUAGE_STANDARD = "gnu++14";
				CLANG_CXX_LIBRARY = "libc++";
				CLANG_ENABLE_MODULES = YES;
				CLANG_ENABLE_OBJC_ARC = YES;
				CLANG_ENABLE_OBJC_WEAK = YES;
				CLANG_WARN_BLOCK_CAPTURE_AUTORELEASING = YES;
				CLANG_WARN_BOOL_CONVERSION = YES;
				CLANG_WARN_COMMA = YES;
				CLANG_WARN_CONSTANT_CONVERSION = YES;
				CLANG_WARN_DEPRECATED_OBJC_IMPLEMENTATIONS = YES;
				CLANG_WARN_DIRECT_OBJC_ISA_USAGE = YES_ERROR;
				CLANG_WARN_DOCUMENTATION_COMMENTS = YES;
				CLANG_WARN_EMPTY_BODY = YES;
				CLANG_WARN_ENUM_CONVERSION = YES;
				CLANG_WARN_INFINITE_RECURSION = YES;
				CLANG_WARN_INT_CONVERSION = YES;
				CLANG_WARN_NON_LITERAL_NULL_CONVERSION = YES;
				CLANG_WARN_OBJC_IMPLICIT_RETAIN_SELF = YES;
				CLANG_WARN_OBJC_LITERAL_CONVERSION = YES;
				CLANG_WARN_OBJC_ROOT_CLASS = YES_ERROR;
				CLANG_WARN_RANGE_LOOP_ANALYSIS = YES;
				CLANG_WARN_STRICT_PROTOTYPES = YES;
				CLANG_WARN_SUSPICIOUS_MOVE = YES;
				CLANG_WARN_UNGUARDED_AVAILABILITY = YES_AGGRESSIVE;
				CLANG_WARN_UNREACHABLE_CODE = YES;
				CLANG_WARN__DUPLICATE_METHOD_MATCH = YES;
				COPY_PHASE_STRIP = NO;
				DEBUG_INFORMATION_FORMAT = "dwarf-with-dsym";
				ENABLE_NS_ASSERTIONS = NO;
				ENABLE_STRICT_OBJC_MSGSEND = YES;
				GCC_C_LANGUAGE_STANDARD = gnu11;
				GCC_NO_COMMON_BLOCKS = YES;
				GCC_WARN_64_TO_32_BIT_CONVERSION = YES;
				GCC_WARN_ABOUT_RETURN_TYPE = YES_ERROR;
				GCC_WARN_UNDECLARED_SELECTOR = YES;
				GCC_WARN_UNINITIALIZED_AUTOS = YES_AGGRESSIVE;
				GCC_WARN_UNUSED_FUNCTION = YES;
				GCC_WARN_UNUSED_VARIABLE = YES;
				IPHONEOS_DEPLOYMENT_TARGET = 13.2;
				MTL_ENABLE_DEBUG_INFO = NO;
				MTL_FAST_MATH = YES;
				SDKROOT = iphoneos;
				SWIFT_COMPILATION_MODE = wholemodule;
				SWIFT_OPTIMIZATION_LEVEL = "-O";
				VALIDATE_PRODUCT = YES;
			};
			name = Release;
		};
		1895A3202412E8340044FA9A /* Debug */ = {
			isa = XCBuildConfiguration;
			buildSettings = {
				ASSETCATALOG_COMPILER_APPICON_NAME = AppIcon;
				CODE_SIGN_STYLE = Automatic;
				DEVELOPMENT_TEAM = 8PJ9SKJ9FA;
				INFOPLIST_FILE = "Grade SFedU/Info.plist";
				IPHONEOS_DEPLOYMENT_TARGET = 13.0;
				LD_RUNPATH_SEARCH_PATHS = (
					"$(inherited)",
					"@executable_path/Frameworks",
				);
				PRODUCT_BUNDLE_IDENTIFIER = "sergeykorshunov.Grade-SFedU";
				PRODUCT_NAME = "$(TARGET_NAME)";
				SWIFT_VERSION = 5.0;
				TARGETED_DEVICE_FAMILY = "1,2";
			};
			name = Debug;
		};
		1895A3212412E8340044FA9A /* Release */ = {
			isa = XCBuildConfiguration;
			buildSettings = {
				ASSETCATALOG_COMPILER_APPICON_NAME = AppIcon;
				CODE_SIGN_STYLE = Automatic;
				DEVELOPMENT_TEAM = 8PJ9SKJ9FA;
				INFOPLIST_FILE = "Grade SFedU/Info.plist";
				IPHONEOS_DEPLOYMENT_TARGET = 13.0;
				LD_RUNPATH_SEARCH_PATHS = (
					"$(inherited)",
					"@executable_path/Frameworks",
				);
				PRODUCT_BUNDLE_IDENTIFIER = "sergeykorshunov.Grade-SFedU";
				PRODUCT_NAME = "$(TARGET_NAME)";
				SWIFT_VERSION = 5.0;
				TARGETED_DEVICE_FAMILY = "1,2";
			};
			name = Release;
		};
/* End XCBuildConfiguration section */

/* Begin XCConfigurationList section */
		1895A3062412E82E0044FA9A /* Build configuration list for PBXProject "Grade SFedU" */ = {
			isa = XCConfigurationList;
			buildConfigurations = (
				1895A31D2412E8340044FA9A /* Debug */,
				1895A31E2412E8340044FA9A /* Release */,
			);
			defaultConfigurationIsVisible = 0;
			defaultConfigurationName = Release;
		};
		1895A31F2412E8340044FA9A /* Build configuration list for PBXNativeTarget "Grade SFedU" */ = {
			isa = XCConfigurationList;
			buildConfigurations = (
				1895A3202412E8340044FA9A /* Debug */,
				1895A3212412E8340044FA9A /* Release */,
			);
			defaultConfigurationIsVisible = 0;
			defaultConfigurationName = Release;
		};
/* End XCConfigurationList section */

/* Begin XCRemoteSwiftPackageReference section */
		1895A3242412FE300044FA9A /* XCRemoteSwiftPackageReference "SwiftSoup" */ = {
			isa = XCRemoteSwiftPackageReference;
			repositoryURL = "https://github.com/scinfu/SwiftSoup.git";
			requirement = {
				kind = upToNextMajorVersion;
				minimumVersion = 2.3.0;
			};
		};
		1895A329241304B40044FA9A /* XCRemoteSwiftPackageReference "Alamofire" */ = {
			isa = XCRemoteSwiftPackageReference;
			repositoryURL = "https://github.com/Alamofire/Alamofire.git";
			requirement = {
				kind = upToNextMajorVersion;
				minimumVersion = 5.0.2;
			};
		};
/* End XCRemoteSwiftPackageReference section */

/* Begin XCSwiftPackageProductDependency section */
		1895A3252412FE300044FA9A /* SwiftSoup */ = {
			isa = XCSwiftPackageProductDependency;
			package = 1895A3242412FE300044FA9A /* XCRemoteSwiftPackageReference "SwiftSoup" */;
			productName = SwiftSoup;
		};
		1895A32A241304B40044FA9A /* Alamofire */ = {
			isa = XCSwiftPackageProductDependency;
			package = 1895A329241304B40044FA9A /* XCRemoteSwiftPackageReference "Alamofire" */;
			productName = Alamofire;
		};
/* End XCSwiftPackageProductDependency section */
	};
	rootObject = 1895A3032412E82E0044FA9A /* Project object */;
}
